
Microsoft Visual Studio Solution File, Format Version 12.00
# Visual Studio Version 17
VisualStudioVersion = 17.1.32228.430
MinimumVisualStudioVersion = 10.0.40219.1
Project("{8BC9CEB8-8B4A-11D0-8D11-00A0C91BC942}") = "Dogum-OlumOrani", "Dogum-OlumOrani.vcxproj", "{53677C85-1693-4242-B067-8706E9230F3B}"
EndProject
Global
	GlobalSection(SolutionConfigurationPlatforms) = preSolution
		Debug|x64 = Debug|x64
		Debug|x86 = Debug|x86
		Release|x64 = Release|x64
		Release|x86 = Release|x86
	EndGlobalSection
	GlobalSection(ProjectConfigurationPlatforms) = postSolution
		{53677C85-1693-4242-B067-8706E9230F3B}.Debug|x64.ActiveCfg = Debug|x64
		{53677C85-1693-4242-B067-8706E9230F3B}.Debug|x64.Build.0 = Debug|x64
		{53677C85-1693-4242-B067-8706E9230F3B}.Debug|x86.ActiveCfg = Debug|Win32
		{53677C85-1693-4242-B067-8706E9230F3B}.Debug|x86.Build.0 = Debug|Win32
		{53677C85-1693-4242-B067-8706E9230F3B}.Release|x64.ActiveCfg = Release|x64
		{53677C85-1693-4242-B067-8706E9230F3B}.Release|x64.Build.0 = Release|x64
		{53677C85-1693-4242-B067-8706E9230F3B}.Release|x86.ActiveCfg = Release|Win32
		{53677C85-1693-4242-B067-8706E9230F3B}.Release|x86.Build.0 = Release|Win32
	EndGlobalSection
	GlobalSection(SolutionProperties) = preSolution
		HideSolutionNode = FALSE
	EndGlobalSection
	GlobalSection(ExtensibilityGlobals) = postSolution
		SolutionGuid = {AF9C2569-FBF0-4BF4-94EC-2F9646438214}
	EndGlobalSection
EndGlobal
