
Microsoft Visual Studio Solution File, Format Version 12.00
# Visual Studio Version 17
VisualStudioVersion = 17.1.32228.430
MinimumVisualStudioVersion = 10.0.40219.1
Project("{8BC9CEB8-8B4A-11D0-8D11-00A0C91BC942}") = "EnBuyukSayi", "EnBuyukSayi.vcxproj", "{88FDE3EC-E184-4576-A997-3E5F399A8FFB}"
EndProject
Global
	GlobalSection(SolutionConfigurationPlatforms) = preSolution
		Debug|x64 = Debug|x64
		Debug|x86 = Debug|x86
		Release|x64 = Release|x64
		Release|x86 = Release|x86
	EndGlobalSection
	GlobalSection(ProjectConfigurationPlatforms) = postSolution
		{88FDE3EC-E184-4576-A997-3E5F399A8FFB}.Debug|x64.ActiveCfg = Debug|x64
		{88FDE3EC-E184-4576-A997-3E5F399A8FFB}.Debug|x64.Build.0 = Debug|x64
		{88FDE3EC-E184-4576-A997-3E5F399A8FFB}.Debug|x86.ActiveCfg = Debug|Win32
		{88FDE3EC-E184-4576-A997-3E5F399A8FFB}.Debug|x86.Build.0 = Debug|Win32
		{88FDE3EC-E184-4576-A997-3E5F399A8FFB}.Release|x64.ActiveCfg = Release|x64
		{88FDE3EC-E184-4576-A997-3E5F399A8FFB}.Release|x64.Build.0 = Release|x64
		{88FDE3EC-E184-4576-A997-3E5F399A8FFB}.Release|x86.ActiveCfg = Release|Win32
		{88FDE3EC-E184-4576-A997-3E5F399A8FFB}.Release|x86.Build.0 = Release|Win32
	EndGlobalSection
	GlobalSection(SolutionProperties) = preSolution
		HideSolutionNode = FALSE
	EndGlobalSection
	GlobalSection(ExtensibilityGlobals) = postSolution
		SolutionGuid = {1C7AC6F8-A609-45E1-BBBD-F74DDD101356}
	EndGlobalSection
EndGlobal
